
Microsoft Visual Studio Solution File, Format Version 12.00
# Visual Studio Version 16
VisualStudioVersion = 16.0.32126.315
MinimumVisualStudioVersion = 10.0.40219.1
Project("{FAE04EC0-301F-11D3-BF4B-00C04F79EFBC}") = "SmartTapRdrCli", "SmartTapRdrCli\SmartTapRdrCli.csproj", "{536D8F13-2BAD-43D2-B7D0-EE55E9A21531}"
EndProject
Project("{FAE04EC0-301F-11D3-BF4B-00C04F79EFBC}") = "SmartTapRdr", "SmartTapRdr\SmartTapRdr.csproj", "{7C48775A-286E-41C9-873C-8D9EFBBAA379}"
EndProject
Global
	GlobalSection(SolutionConfigurationPlatforms) = preSolution
		Debug|Any CPU = Debug|Any CPU
		Release|Any CPU = Release|Any CPU
	EndGlobalSection
	GlobalSection(ProjectConfigurationPlatforms) = postSolution
		{536D8F13-2BAD-43D2-B7D0-EE55E9A21531}.Debug|Any CPU.ActiveCfg = Debug|Any CPU
		{536D8F13-2BAD-43D2-B7D0-EE55E9A21531}.Debug|Any CPU.Build.0 = Debug|Any CPU
		{536D8F13-2BAD-43D2-B7D0-EE55E9A21531}.Release|Any CPU.ActiveCfg = Release|Any CPU
		{536D8F13-2BAD-43D2-B7D0-EE55E9A21531}.Release|Any CPU.Build.0 = Release|Any CPU
		{7C48775A-286E-41C9-873C-8D9EFBBAA379}.Debug|Any CPU.ActiveCfg = Debug|Any CPU
		{7C48775A-286E-41C9-873C-8D9EFBBAA379}.Debug|Any CPU.Build.0 = Debug|Any CPU
		{7C48775A-286E-41C9-873C-8D9EFBBAA379}.Release|Any CPU.ActiveCfg = Release|Any CPU
		{7C48775A-286E-41C9-873C-8D9EFBBAA379}.Release|Any CPU.Build.0 = Release|Any CPU
	EndGlobalSection
	GlobalSection(SolutionProperties) = preSolution
		HideSolutionNode = FALSE
	EndGlobalSection
	GlobalSection(ExtensibilityGlobals) = postSolution
		SolutionGuid = {D5CCE39F-DA8D-47D2-9909-9E34DD02699E}
	EndGlobalSection
EndGlobal
